
Microsoft Visual Studio Solution File, Format Version 12.00
# Visual Studio Version 17
VisualStudioVersion = 17.13.35806.99 d17.13
MinimumVisualStudioVersion = 10.0.40219.1
Project("{FAE04EC0-301F-11D3-BF4B-00C04F79EFBC}") = "CruidPersonalInfo", "CruidPersonalInfo.csproj", "{5D735203-CD5D-4BFF-9227-E27A83AED191}"
EndProject
Global
	GlobalSection(SolutionConfigurationPlatforms) = preSolution
		Debug|Any CPU = Debug|Any CPU
		Release|Any CPU = Release|Any CPU
	EndGlobalSection
	GlobalSection(ProjectConfigurationPlatforms) = postSolution
		{5D735203-CD5D-4BFF-9227-E27A83AED191}.Debug|Any CPU.ActiveCfg = Debug|Any CPU
		{5D735203-CD5D-4BFF-9227-E27A83AED191}.Debug|Any CPU.Build.0 = Debug|Any CPU
		{5D735203-CD5D-4BFF-9227-E27A83AED191}.Release|Any CPU.ActiveCfg = Release|Any CPU
		{5D735203-CD5D-4BFF-9227-E27A83AED191}.Release|Any CPU.Build.0 = Release|Any CPU
	EndGlobalSection
	GlobalSection(SolutionProperties) = preSolution
		HideSolutionNode = FALSE
	EndGlobalSection
	GlobalSection(ExtensibilityGlobals) = postSolution
		SolutionGuid = {121E238A-1B68-49F4-B0AF-242A4692D668}
	EndGlobalSection
EndGlobal
